# THIS IS AN AUTOGENERATED FILE. DO NOT EDIT THIS FILE DIRECTLY.
# yarn lockfile v1


"afinn-165@^1.0.2":
  "integrity" "sha512-7+Wlx3BImrK0HiG6y3lU4xX7SpBPSSu8T9iguPMlaueRFxjbYwAQrp9lqZUuFikqKbd/en8lVREILvP2J80uJA=="
  "resolved" "https://registry.npmjs.org/afinn-165/-/afinn-165-1.0.4.tgz"
  "version" "1.0.4"

"apparatus@^0.0.10":
  "integrity" "sha512-KLy/ugo33KZA7nugtQ7O0E1c8kQ52N3IvD/XgIh4w/Nr28ypfkwDfA67F1ev4N1m5D+BOk1+b2dEJDfpj/VvZg=="
  "resolved" "https://registry.npmjs.org/apparatus/-/apparatus-0.0.10.tgz"
  "version" "0.0.10"
  dependencies:
    "sylvester" ">= 0.0.8"

"asynckit@^0.4.0":
  "integrity" "sha512-Oei9OH4tRh0YqU3GxhX79dM/mwVgvbZJaSNaRk+bshkj0S5cfHcgYakreBjrHwatXKbz+IoIdYLxrKim2MjW0Q=="
  "resolved" "https://registry.npmjs.org/asynckit/-/asynckit-0.4.0.tgz"
  "version" "0.4.0"

"axios@^0.27.2":
  "integrity" "sha512-t+yRIyySRTp/wua5xEr+z1q60QmLq8ABsS5O9Me1AsE5dfKqgnCFzwiCZZ/cGNd1lq4/7akDWMxdhVlucjmnOQ=="
  "resolved" "https://registry.npmjs.org/axios/-/axios-0.27.2.tgz"
  "version" "0.27.2"
  dependencies:
    "follow-redirects" "^1.14.9"
    "form-data" "^4.0.0"

"combined-stream@^1.0.8":
  "integrity" "sha512-FQN4MRfuJeHf7cBbBMJFXhKSDq+2kAArBlmRBvcvFE5BB1HZKXtSFASDhdlz9zOYwxh8lDdnvmMOe/+5cdoEdg=="
  "resolved" "https://registry.npmjs.org/combined-stream/-/combined-stream-1.0.8.tgz"
  "version" "1.0.8"
  dependencies:
    "delayed-stream" "~1.0.0"

"delayed-stream@~1.0.0":
  "integrity" "sha512-ZySD7Nf91aLB0RxL4KGrKHBXl7Eds1DAmEdcoVawXnLD7SDhpNgtuII2aAkg7a7QS41jxPSZ17p4VdGnMHk3MQ=="
  "resolved" "https://registry.npmjs.org/delayed-stream/-/delayed-stream-1.0.0.tgz"
  "version" "1.0.0"

"follow-redirects@^1.14.9":
  "integrity" "sha512-yLAMQs+k0b2m7cVxpS1VKJVvoz7SS9Td1zss3XRwXj+ZDH00RJgnuLx7E44wx02kQLrdM3aOOy+FpzS7+8OizA=="
  "resolved" "https://registry.npmjs.org/follow-redirects/-/follow-redirects-1.15.1.tgz"
  "version" "1.15.1"

"form-data@^4.0.0":
  "integrity" "sha512-ETEklSGi5t0QMZuiXoA/Q6vcnxcLQP5vdugSpuAyi6SVGi2clPPp+xgEhuMaHC+zGgn31Kd235W35f7Hykkaww=="
  "resolved" "https://registry.npmjs.org/form-data/-/form-data-4.0.0.tgz"
  "version" "4.0.0"
  dependencies:
    "asynckit" "^0.4.0"
    "combined-stream" "^1.0.8"
    "mime-types" "^2.1.12"

"lucene@^2.1.1":
  "integrity" "sha512-l0qCX+pgXEZh/7sYQNG+vzhOIFRPjlJJkQ/irk9n7Ak3d+1MrU6F7IV31KILwFkUn153oLK8a2AIt48DzLdVPg=="
  "resolved" "https://registry.npmjs.org/lucene/-/lucene-2.1.1.tgz"
  "version" "2.1.1"

"mime-db@1.52.0":
  "integrity" "sha512-sPU4uV7dYlvtWJxwwxHD0PuihVNiE7TyAbQ5SWxDCB9mUYvOgroQOwYQQOKPJ8CIbE+1ETVlOoK1UC2nU3gYvg=="
  "resolved" "https://registry.npmjs.org/mime-db/-/mime-db-1.52.0.tgz"
  "version" "1.52.0"

"mime-types@^2.1.12":
  "integrity" "sha512-ZDY+bPm5zTTF+YpCrAU9nK0UgICYPT0QtT1NZWFv4s++TNkcgVaT0g6+4R2uI4MjQjzysHB1zxuWL50hzaeXiw=="
  "resolved" "https://registry.npmjs.org/mime-types/-/mime-types-2.1.35.tgz"
  "version" "2.1.35"
  dependencies:
    "mime-db" "1.52.0"

"natural@^5.2.2":
  "integrity" "sha512-X2o4i/f0CeOyTTXKIsUw6lBLLlz6xSBbOxzS7nMacjmNYXlQw/M9MXOrWlRsRMuXyoiDc+rO6bnk1ZzSCaI6Fw=="
  "resolved" "https://registry.npmjs.org/natural/-/natural-5.2.2.tgz"
  "version" "5.2.2"
  dependencies:
    "afinn-165" "^1.0.2"
    "apparatus" "^0.0.10"
    "safe-stable-stringify" "^2.2.0"
    "sylvester" "^0.0.12"
    "underscore" "^1.9.1"
    "wordnet-db" "^3.1.11"

"safe-stable-stringify@^2.2.0":
  "integrity" "sha512-kYBSfT+troD9cDA85VDnHZ1rpHC50O0g1e6WlGHVCz/g+JS+9WKLj+XwFYyR8UbrZN8ll9HUpDAAddY58MGisg=="
  "resolved" "https://registry.npmjs.org/safe-stable-stringify/-/safe-stable-stringify-2.3.1.tgz"
  "version" "2.3.1"

"stopword@^2.0.2":
  "integrity" "sha512-CzXIXl2lt6wHfZ+RNjzlFpO63y7NtT4HBbKqWQvQ4dvutM/US5tGrAYKNMV05SdyudimyuNiIUD0/IQDMq8YNw=="
  "resolved" "https://registry.npmjs.org/stopword/-/stopword-2.0.2.tgz"
  "version" "2.0.2"

"sylvester@^0.0.12", "sylvester@>= 0.0.8":
  "integrity" "sha512-SzRP5LQ6Ts2G5NyAa/jg16s8e3R7rfdFjizy1zeoecYWw+nGL+YA1xZvW/+iJmidBGSdLkuvdwTYEyJEb+EiUw=="
  "resolved" "https://registry.npmjs.org/sylvester/-/sylvester-0.0.12.tgz"
  "version" "0.0.12"

"underscore@^1.9.1":
  "integrity" "sha512-BQFnUDuAQ4Yf/cYY5LNrK9NCJFKriaRbD9uR1fTeXnBeoa97W0i41qkZfGO9pSo8I5KzjAcSY2XYtdf0oKd7KQ=="
  "resolved" "https://registry.npmjs.org/underscore/-/underscore-1.13.4.tgz"
  "version" "1.13.4"

"wordnet-db@^3.1.11":
  "integrity" "sha512-zVyFsvE+mq9MCmwXUWHIcpfbrHHClZWZiVOzKSxNJruIcFn2RbY55zkhiAMMxM8zCVSmtNiViq8FsAZSFpMYag=="
  "resolved" "https://registry.npmjs.org/wordnet-db/-/wordnet-db-3.1.14.tgz"
  "version" "3.1.14"
